// !$*UTF8*$!
{
	archiveVersion = 1;
	classes = {
	};
	objectVersion = 46;
	objects = {

/* Begin PBXBuildFile section */
		CF1BF72F1CD2529A000F7BE7 /* JSGuideViewController.m in Sources */ = {isa = PBXBuildFile; fileRef = CF1BF72E1CD2529A000F7BE7 /* JSGuideViewController.m */; };
		CF1BF7321CD254A4000F7BE7 /* JSGuideCollectionViewCell.m in Sources */ = {isa = PBXBuildFile; fileRef = CF1BF7311CD254A4000F7BE7 /* JSGuideCollectionViewCell.m */; };
		CF1BF7371CD25FD5000F7BE7 /* GuideTools.m in Sources */ = {isa = PBXBuildFile; fileRef = CF1BF7361CD25FD5000F7BE7 /* GuideTools.m */; };
		CF4CE88A1CD07E2E00309C2D /* CoverView.m in Sources */ = {isa = PBXBuildFile; fileRef = CF4CE8891CD07E2E00309C2D /* CoverView.m */; };
		CF4CE88D1CD07F9C00309C2D /* JSActivityView.m in Sources */ = {isa = PBXBuildFile; fileRef = CF4CE88C1CD07F9C00309C2D /* JSActivityView.m */; };
		CF4CE88F1CD07FA700309C2D /* JSActivityView.xib in Resources */ = {isa = PBXBuildFile; fileRef = CF4CE88E1CD07FA700309C2D /* JSActivityView.xib */; };
		CF4CE8921CD0893600309C2D /* JSDragDownView.m in Sources */ = {isa = PBXBuildFile; fileRef = CF4CE8911CD0893600309C2D /* JSDragDownView.m */; };
		CF4CE8981CD0BA5900309C2D /* JSMyLotteryViewController.m in Sources */ = {isa = PBXBuildFile; fileRef = CF4CE8961CD0BA5900309C2D /* JSMyLotteryViewController.m */; };
		CF4CE8991CD0BA5900309C2D /* JSMyLotteryViewController.xib in Resources */ = {isa = PBXBuildFile; fileRef = CF4CE8971CD0BA5900309C2D /* JSMyLotteryViewController.xib */; };
		CF4CE89C1CD0C14B00309C2D /* JSArenaNavigationController.m in Sources */ = {isa = PBXBuildFile; fileRef = CF4CE89B1CD0C14B00309C2D /* JSArenaNavigationController.m */; };
		CF4CE89E1CD0C93900309C2D /* JSDiscoverTableViewController.storyboard in Resources */ = {isa = PBXBuildFile; fileRef = CF4CE89D1CD0C93900309C2D /* JSDiscoverTableViewController.storyboard */; };
		CF4CE8A11CD0CFB000309C2D /* JSBuyTogetherTableViewController.m in Sources */ = {isa = PBXBuildFile; fileRef = CF4CE8A01CD0CFB000309C2D /* JSBuyTogetherTableViewController.m */; };
		CF4CE8A41CD0CFE700309C2D /* BuyTogetherTitleButton.m in Sources */ = {isa = PBXBuildFile; fileRef = CF4CE8A31CD0CFE700309C2D /* BuyTogetherTitleButton.m */; };
		CF4CE8A71CD0D5F600309C2D /* LuckyView.m in Sources */ = {isa = PBXBuildFile; fileRef = CF4CE8A61CD0D5F600309C2D /* LuckyView.m */; };
		CF4CE8AA1CD0D6FD00309C2D /* JSLuckyViewController.m in Sources */ = {isa = PBXBuildFile; fileRef = CF4CE8A91CD0D6FD00309C2D /* JSLuckyViewController.m */; };
		CF55F64E1CCF755000AC1EEA /* Assets.xcassets in Resources */ = {isa = PBXBuildFile; fileRef = CF55F64D1CCF755000AC1EEA /* Assets.xcassets */; };
		CF55F6511CCF755000AC1EEA /* LaunchScreen.storyboard in Resources */ = {isa = PBXBuildFile; fileRef = CF55F64F1CCF755000AC1EEA /* LaunchScreen.storyboard */; };
		CF55F65C1CCF755000AC1EEA /* ____Tests.m in Sources */ = {isa = PBXBuildFile; fileRef = CF55F65B1CCF755000AC1EEA /* ____Tests.m */; };
		CF55F6671CCF755000AC1EEA /* ____UITests.m in Sources */ = {isa = PBXBuildFile; fileRef = CF55F6661CCF755000AC1EEA /* ____UITests.m */; };
		CF55F6991CCF76DE00AC1EEA /* AppDelegate.m in Sources */ = {isa = PBXBuildFile; fileRef = CF55F6931CCF76DE00AC1EEA /* AppDelegate.m */; };
		CF55F69A1CCF76DE00AC1EEA /* main.m in Sources */ = {isa = PBXBuildFile; fileRef = CF55F6941CCF76DE00AC1EEA /* main.m */; };
		CF55F69D1CCF794700AC1EEA /* JSHallTableViewController.m in Sources */ = {isa = PBXBuildFile; fileRef = CF55F69C1CCF794700AC1EEA /* JSHallTableViewController.m */; };
		CF55F6A01CCF79A800AC1EEA /* JSAranaViewController.m in Sources */ = {isa = PBXBuildFile; fileRef = CF55F69F1CCF79A800AC1EEA /* JSAranaViewController.m */; };
		CF55F6A31CCF79CE00AC1EEA /* JSDiscoverTableViewController.m in Sources */ = {isa = PBXBuildFile; fileRef = CF55F6A21CCF79CE00AC1EEA /* JSDiscoverTableViewController.m */; };
		CF55F6AC1CCF7A8300AC1EEA /* JSTabBarController.m in Sources */ = {isa = PBXBuildFile; fileRef = CF55F6AB1CCF7A8300AC1EEA /* JSTabBarController.m */; };
		CF55F6AF1CCF7AA400AC1EEA /* JSNavigationController.m in Sources */ = {isa = PBXBuildFile; fileRef = CF55F6AE1CCF7AA400AC1EEA /* JSNavigationController.m */; };
		CF55F6B21CCF7ABC00AC1EEA /* JSTabBar.m in Sources */ = {isa = PBXBuildFile; fileRef = CF55F6B11CCF7ABC00AC1EEA /* JSTabBar.m */; };
		CF55F6B51CCF7AD300AC1EEA /* JSTabBarButton.m in Sources */ = {isa = PBXBuildFile; fileRef = CF55F6B41CCF7AD300AC1EEA /* JSTabBarButton.m */; };
		CF55F6B81CCF7BAD00AC1EEA /* JSHistoryTableViewController.m in Sources */ = {isa = PBXBuildFile; fileRef = CF55F6B71CCF7BAD00AC1EEA /* JSHistoryTableViewController.m */; };
		CFC516E61CD8442E0028F955 /* JSSettingTableViewController.m in Sources */ = {isa = PBXBuildFile; fileRef = CFC516E41CD8442E0028F955 /* JSSettingTableViewController.m */; };
		CFC516F61CD85A440028F955 /* DRNRealTimeBlurView.m in Sources */ = {isa = PBXBuildFile; fileRef = CFC516ED1CD85A440028F955 /* DRNRealTimeBlurView.m */; };
		CFC516F71CD85A440028F955 /* UIImage+BoxBlur.m in Sources */ = {isa = PBXBuildFile; fileRef = CFC516EF1CD85A440028F955 /* UIImage+BoxBlur.m */; };
		CFC516F81CD85A440028F955 /* MBProgressHUD+XMG.m in Sources */ = {isa = PBXBuildFile; fileRef = CFC516F21CD85A440028F955 /* MBProgressHUD+XMG.m */; };
		CFC516F91CD85A440028F955 /* MBProgressHUD.bundle in Resources */ = {isa = PBXBuildFile; fileRef = CFC516F31CD85A440028F955 /* MBProgressHUD.bundle */; };
		CFC516FA1CD85A440028F955 /* MBProgressHUD.m in Sources */ = {isa = PBXBuildFile; fileRef = CFC516F51CD85A440028F955 /* MBProgressHUD.m */; };
		CFC516FD1CD85C450028F955 /* JSSettingItem.m in Sources */ = {isa = PBXBuildFile; fileRef = CFC516FC1CD85C450028F955 /* JSSettingItem.m */; };
		CFC517001CD85C5C0028F955 /* JSSettingGroup.m in Sources */ = {isa = PBXBuildFile; fileRef = CFC516FF1CD85C5C0028F955 /* JSSettingGroup.m */; };
		CFC517031CD85C740028F955 /* JSSettingTableViewCell.m in Sources */ = {isa = PBXBuildFile; fileRef = CFC517021CD85C740028F955 /* JSSettingTableViewCell.m */; };
		CFC517061CD85E170028F955 /* JSArrowSettingItem.m in Sources */ = {isa = PBXBuildFile; fileRef = CFC517051CD85E170028F955 /* JSArrowSettingItem.m */; };
		CFC517091CD85E260028F955 /* JSSwitchSettingItem.m in Sources */ = {isa = PBXBuildFile; fileRef = CFC517081CD85E260028F955 /* JSSwitchSettingItem.m */; };
		CFC5170C1CD873360028F955 /* JSCheckUpdateBlurView.m in Sources */ = {isa = PBXBuildFile; fileRef = CFC5170B1CD873360028F955 /* JSCheckUpdateBlurView.m */; };
		CFC517131CD8D6E30028F955 /* JSPushBaseTableViewController.m in Sources */ = {isa = PBXBuildFile; fileRef = CFC517121CD8D6E30028F955 /* JSPushBaseTableViewController.m */; };
		CFC517161CD8DBD40028F955 /* JSScoreViewController.m in Sources */ = {isa = PBXBuildFile; fileRef = CFC517151CD8DBD40028F955 /* JSScoreViewController.m */; };
		CFC517191CD8DBE50028F955 /* JSAwardViewController.m in Sources */ = {isa = PBXBuildFile; fileRef = CFC517181CD8DBE50028F955 /* JSAwardViewController.m */; };
		CFC5171C1CD8DBEE0028F955 /* JSPushViewController.m in Sources */ = {isa = PBXBuildFile; fileRef = CFC5171B1CD8DBEE0028F955 /* JSPushViewController.m */; };
		CFC5171F1CD8E13B0028F955 /* JSHelpTableViewController.m in Sources */ = {isa = PBXBuildFile; fileRef = CFC5171E1CD8E13B0028F955 /* JSHelpTableViewController.m */; };
		CFC517211CD8EDD70028F955 /* help.json in Resources */ = {isa = PBXBuildFile; fileRef = CFC517201CD8EDD70028F955 /* help.json */; };
		CFC517401CD8EE030028F955 /* bjdc_howto.html in Resources */ = {isa = PBXBuildFile; fileRef = CFC517231CD8EE030028F955 /* bjdc_howto.html */; };
		CFC517411CD8EE030028F955 /* coupon_help.html in Resources */ = {isa = PBXBuildFile; fileRef = CFC517241CD8EE030028F955 /* coupon_help.html */; };
		CFC517421CD8EE030028F955 /* credit_help.html in Resources */ = {isa = PBXBuildFile; fileRef = CFC517251CD8EE030028F955 /* credit_help.html */; };
		CFC517431CD8EE030028F955 /* dlt_howto.html in Resources */ = {isa = PBXBuildFile; fileRef = CFC517261CD8EE030028F955 /* dlt_howto.html */; };
		CFC517441CD8EE030028F955 /* f9_howto.html in Resources */ = {isa = PBXBuildFile; fileRef = CFC517271CD8EE030028F955 /* f9_howto.html */; };
		CFC517451CD8EE030028F955 /* gdy11_howto.html in Resources */ = {isa = PBXBuildFile; fileRef = CFC517281CD8EE030028F955 /* gdy11_howto.html */; };
		CFC517461CD8EE030028F955 /* group_record.html in Resources */ = {isa = PBXBuildFile; fileRef = CFC517291CD8EE030028F955 /* group_record.html */; };
		CFC517471CD8EE030028F955 /* help.html in Resources */ = {isa = PBXBuildFile; fileRef = CFC5172A1CD8EE030028F955 /* help.html */; };
		CFC517481CD8EE030028F955 /* helpGroupBuy.html in Resources */ = {isa = PBXBuildFile; fileRef = CFC5172B1CD8EE030028F955 /* helpGroupBuy.html */; };
		CFC517491CD8EE030028F955 /* jclq_howto.html in Resources */ = {isa = PBXBuildFile; fileRef = CFC5172C1CD8EE030028F955 /* jclq_howto.html */; };
		CFC5174A1CD8EE030028F955 /* jczq_howto.html in Resources */ = {isa = PBXBuildFile; fileRef = CFC5172D1CD8EE030028F955 /* jczq_howto.html */; };
		CFC5174B1CD8EE030028F955 /* jxssc_howto.html in Resources */ = {isa = PBXBuildFile; fileRef = CFC5172E1CD8EE030028F955 /* jxssc_howto.html */; };
		CFC5174C1CD8EE030028F955 /* jxy11_howto.html in Resources */ = {isa = PBXBuildFile; fileRef = CFC5172F1CD8EE030028F955 /* jxy11_howto.html */; };
		CFC5174D1CD8EE030028F955 /* k2_howto.html in Resources */ = {isa = PBXBuildFile; fileRef = CFC517301CD8EE030028F955 /* k2_howto.html */; };
		CFC5174E1CD8EE030028F955 /* k3_howto.html in Resources */ = {isa = PBXBuildFile; fileRef = CFC517311CD8EE030028F955 /* k3_howto.html */; };
		CFC5174F1CD8EE030028F955 /* kl8_howto.html in Resources */ = {isa = PBXBuildFile; fileRef = CFC517321CD8EE030028F955 /* kl8_howto.html */; };
		CFC517501CD8EE030028F955 /* lk11_howto.html in Resources */ = {isa = PBXBuildFile; fileRef = CFC517331CD8EE030028F955 /* lk11_howto.html */; };
		CFC517511CD8EE030028F955 /* networkconnectedfailed.html in Resources */ = {isa = PBXBuildFile; fileRef = CFC517341CD8EE030028F955 /* networkconnectedfailed.html */; };
		CFC517521CD8EE030028F955 /* pl3_howto.html in Resources */ = {isa = PBXBuildFile; fileRef = CFC517351CD8EE030028F955 /* pl3_howto.html */; };
		CFC517531CD8EE030028F955 /* pl5_howto.html in Resources */ = {isa = PBXBuildFile; fileRef = CFC517361CD8EE030028F955 /* pl5_howto.html */; };
		CFC517541CD8EE030028F955 /* qlc_howto.html in Resources */ = {isa = PBXBuildFile; fileRef = CFC517371CD8EE030028F955 /* qlc_howto.html */; };
		CFC517551CD8EE030028F955 /* qxc_howto.html in Resources */ = {isa = PBXBuildFile; fileRef = CFC517381CD8EE030028F955 /* qxc_howto.html */; };
		CFC517561CD8EE030028F955 /* rule.css in Resources */ = {isa = PBXBuildFile; fileRef = CFC517391CD8EE030028F955 /* rule.css */; };
		CFC517571CD8EE030028F955 /* sfc_howto.html in Resources */ = {isa = PBXBuildFile; fileRef = CFC5173A1CD8EE030028F955 /* sfc_howto.html */; };
		CFC517581CD8EE030028F955 /* ssc_howto.html in Resources */ = {isa = PBXBuildFile; fileRef = CFC5173B1CD8EE030028F955 /* ssc_howto.html */; };
		CFC517591CD8EE030028F955 /* ssq_howto.html in Resources */ = {isa = PBXBuildFile; fileRef = CFC5173C1CD8EE030028F955 /* ssq_howto.html */; };
		CFC5175A1CD8EE030028F955 /* x3d_howto.html in Resources */ = {isa = PBXBuildFile; fileRef = CFC5173D1CD8EE030028F955 /* x3d_howto.html */; };
		CFC5175B1CD8EE030028F955 /* y11_howto.html in Resources */ = {isa = PBXBuildFile; fileRef = CFC5173E1CD8EE030028F955 /* y11_howto.html */; };
		CFC5175C1CD8EE030028F955 /* znzh.html in Resources */ = {isa = PBXBuildFile; fileRef = CFC5173F1CD8EE030028F955 /* znzh.html */; };
		CFC5175F1CD8EEC80028F955 /* JSHtmlModel.m in Sources */ = {isa = PBXBuildFile; fileRef = CFC5175E1CD8EEC80028F955 /* JSHtmlModel.m */; };
		CFC517621CD8EF030028F955 /* JSHtmlJsonParser.m in Sources */ = {isa = PBXBuildFile; fileRef = CFC517611CD8EF030028F955 /* JSHtmlJsonParser.m */; };
		CFC517651CD8F2530028F955 /* JSHelpWebViewController.m in Sources */ = {isa = PBXBuildFile; fileRef = CFC517641CD8F2530028F955 /* JSHelpWebViewController.m */; };
/* End PBXBuildFile section */

/* Begin PBXContainerItemProxy section */
		CF55F6581CCF755000AC1EEA /* PBXContainerItemProxy */ = {
			isa = PBXContainerItemProxy;
			containerPortal = CF55F6361CCF755000AC1EEA /* Project object */;
			proxyType = 1;
			remoteGlobalIDString = CF55F63D1CCF755000AC1EEA;
			remoteInfo = "网易彩票";
		};
		CF55F6631CCF755000AC1EEA /* PBXContainerItemProxy */ = {
			isa = PBXContainerItemProxy;
			containerPortal = CF55F6361CCF755000AC1EEA /* Project object */;
			proxyType = 1;
			remoteGlobalIDString = CF55F63D1CCF755000AC1EEA;
			remoteInfo = "网易彩票";
		};
/* End PBXContainerItemProxy section */

/* Begin PBXFileReference section */
		CF1BF72D1CD2529A000F7BE7 /* JSGuideViewController.h */ = {isa = PBXFileReference; fileEncoding = 4; lastKnownFileType = sourcecode.c.h; path = JSGuideViewController.h; sourceTree = "<group>"; };
		CF1BF72E1CD2529A000F7BE7 /* JSGuideViewController.m */ = {isa = PBXFileReference; fileEncoding = 4; lastKnownFileType = sourcecode.c.objc; path = JSGuideViewController.m; sourceTree = "<group>"; };
		CF1BF7301CD254A4000F7BE7 /* JSGuideCollectionViewCell.h */ = {isa = PBXFileReference; fileEncoding = 4; lastKnownFileType = sourcecode.c.h; path = JSGuideCollectionViewCell.h; sourceTree = "<group>"; };
		CF1BF7311CD254A4000F7BE7 /* JSGuideCollectionViewCell.m */ = {isa = PBXFileReference; fileEncoding = 4; lastKnownFileType = sourcecode.c.objc; path = JSGuideCollectionViewCell.m; sourceTree = "<group>"; };
		CF1BF7351CD25FD5000F7BE7 /* GuideTools.h */ = {isa = PBXFileReference; fileEncoding = 4; lastKnownFileType = sourcecode.c.h; path = GuideTools.h; sourceTree = "<group>"; };
		CF1BF7361CD25FD5000F7BE7 /* GuideTools.m */ = {isa = PBXFileReference; fileEncoding = 4; lastKnownFileType = sourcecode.c.objc; path = GuideTools.m; sourceTree = "<group>"; };
		CF4CE8871CD07AB800309C2D /* 网易彩票.pch */ = {isa = PBXFileReference; lastKnownFileType = sourcecode.c.h; path = "网易彩票.pch"; sourceTree = "<group>"; };
		CF4CE8881CD07E2E00309C2D /* CoverView.h */ = {isa = PBXFileReference; fileEncoding = 4; lastKnownFileType = sourcecode.c.h; path = CoverView.h; sourceTree = "<group>"; };
		CF4CE8891CD07E2E00309C2D /* CoverView.m */ = {isa = PBXFileReference; fileEncoding = 4; lastKnownFileType = sourcecode.c.objc; path = CoverView.m; sourceTree = "<group>"; };
		CF4CE88B1CD07F9C00309C2D /* JSActivityView.h */ = {isa = PBXFileReference; fileEncoding = 4; lastKnownFileType = sourcecode.c.h; path = JSActivityView.h; sourceTree = "<group>"; };
		CF4CE88C1CD07F9C00309C2D /* JSActivityView.m */ = {isa = PBXFileReference; fileEncoding = 4; lastKnownFileType = sourcecode.c.objc; path = JSActivityView.m; sourceTree = "<group>"; };
		CF4CE88E1CD07FA700309C2D /* JSActivityView.xib */ = {isa = PBXFileReference; fileEncoding = 4; lastKnownFileType = file.xib; path = JSActivityView.xib; sourceTree = "<group>"; };
		CF4CE8901CD0893600309C2D /* JSDragDownView.h */ = {isa = PBXFileReference; fileEncoding = 4; lastKnownFileType = sourcecode.c.h; path = JSDragDownView.h; sourceTree = "<group>"; };
		CF4CE8911CD0893600309C2D /* JSDragDownView.m */ = {isa = PBXFileReference; fileEncoding = 4; lastKnownFileType = sourcecode.c.objc; path = JSDragDownView.m; sourceTree = "<group>"; };
		CF4CE8951CD0BA5900309C2D /* JSMyLotteryViewController.h */ = {isa = PBXFileReference; fileEncoding = 4; lastKnownFileType = sourcecode.c.h; path = JSMyLotteryViewController.h; sourceTree = "<group>"; };
		CF4CE8961CD0BA5900309C2D /* JSMyLotteryViewController.m */ = {isa = PBXFileReference; fileEncoding = 4; lastKnownFileType = sourcecode.c.objc; path = JSMyLotteryViewController.m; sourceTree = "<group>"; };
		CF4CE8971CD0BA5900309C2D /* JSMyLotteryViewController.xib */ = {isa = PBXFileReference; fileEncoding = 4; lastKnownFileType = file.xib; path = JSMyLotteryViewController.xib; sourceTree = "<group>"; };
		CF4CE89A1CD0C14B00309C2D /* JSArenaNavigationController.h */ = {isa = PBXFileReference; fileEncoding = 4; lastKnownFileType = sourcecode.c.h; path = JSArenaNavigationController.h; sourceTree = "<group>"; };
		CF4CE89B1CD0C14B00309C2D /* JSArenaNavigationController.m */ = {isa = PBXFileReference; fileEncoding = 4; lastKnownFileType = sourcecode.c.objc; path = JSArenaNavigationController.m; sourceTree = "<group>"; };
		CF4CE89D1CD0C93900309C2D /* JSDiscoverTableViewController.storyboard */ = {isa = PBXFileReference; fileEncoding = 4; lastKnownFileType = file.storyboard; path = JSDiscoverTableViewController.storyboard; sourceTree = "<group>"; };
		CF4CE89F1CD0CFB000309C2D /* JSBuyTogetherTableViewController.h */ = {isa = PBXFileReference; fileEncoding = 4; lastKnownFileType = sourcecode.c.h; path = JSBuyTogetherTableViewController.h; sourceTree = "<group>"; };
		CF4CE8A01CD0CFB000309C2D /* JSBuyTogetherTableViewController.m */ = {isa = PBXFileReference; fileEncoding = 4; lastKnownFileType = sourcecode.c.objc; path = JSBuyTogetherTableViewController.m; sourceTree = "<group>"; };
		CF4CE8A21CD0CFE700309C2D /* BuyTogetherTitleButton.h */ = {isa = PBXFileReference; fileEncoding = 4; lastKnownFileType = sourcecode.c.h; path = BuyTogetherTitleButton.h; sourceTree = "<group>"; };
		CF4CE8A31CD0CFE700309C2D /* BuyTogetherTitleButton.m */ = {isa = PBXFileReference; fileEncoding = 4; lastKnownFileType = sourcecode.c.objc; path = BuyTogetherTitleButton.m; sourceTree = "<group>"; };
		CF4CE8A51CD0D5F600309C2D /* LuckyView.h */ = {isa = PBXFileReference; fileEncoding = 4; lastKnownFileType = sourcecode.c.h; path = LuckyView.h; sourceTree = "<group>"; };
		CF4CE8A61CD0D5F600309C2D /* LuckyView.m */ = {isa = PBXFileReference; fileEncoding = 4; lastKnownFileType = sourcecode.c.objc; path = LuckyView.m; sourceTree = "<group>"; };
		CF4CE8A81CD0D6FD00309C2D /* JSLuckyViewController.h */ = {isa = PBXFileReference; fileEncoding = 4; lastKnownFileType = sourcecode.c.h; path = JSLuckyViewController.h; sourceTree = "<group>"; };
		CF4CE8A91CD0D6FD00309C2D /* JSLuckyViewController.m */ = {isa = PBXFileReference; fileEncoding = 4; lastKnownFileType = sourcecode.c.objc; path = JSLuckyViewController.m; sourceTree = "<group>"; };
		CF55F63E1CCF755000AC1EEA /* 网易彩票.app */ = {isa = PBXFileReference; explicitFileType = wrapper.application; includeInIndex = 0; path = "网易彩票.app"; sourceTree = BUILT_PRODUCTS_DIR; };
		CF55F64D1CCF755000AC1EEA /* Assets.xcassets */ = {isa = PBXFileReference; lastKnownFileType = folder.assetcatalog; path = Assets.xcassets; sourceTree = "<group>"; };
		CF55F6501CCF755000AC1EEA /* Base */ = {isa = PBXFileReference; lastKnownFileType = file.storyboard; name = Base; path = Base.lproj/LaunchScreen.storyboard; sourceTree = "<group>"; };
		CF55F6521CCF755000AC1EEA /* Info.plist */ = {isa = PBXFileReference; lastKnownFileType = text.plist.xml; path = Info.plist; sourceTree = "<group>"; };
		CF55F6571CCF755000AC1EEA /* 网易彩票Tests.xctest */ = {isa = PBXFileReference; explicitFileType = wrapper.cfbundle; includeInIndex = 0; path = "网易彩票Tests.xctest"; sourceTree = BUILT_PRODUCTS_DIR; };
		CF55F65B1CCF755000AC1EEA /* ____Tests.m */ = {isa = PBXFileReference; lastKnownFileType = sourcecode.c.objc; path = "____Tests.m"; sourceTree = "<group>"; };
		CF55F65D1CCF755000AC1EEA /* Info.plist */ = {isa = PBXFileReference; lastKnownFileType = text.plist.xml; path = Info.plist; sourceTree = "<group>"; };
		CF55F6621CCF755000AC1EEA /* 网易彩票UITests.xctest */ = {isa = PBXFileReference; explicitFileType = wrapper.cfbundle; includeInIndex = 0; path = "网易彩票UITests.xctest"; sourceTree = BUILT_PRODUCTS_DIR; };
		CF55F6661CCF755000AC1EEA /* ____UITests.m */ = {isa = PBXFileReference; lastKnownFileType = sourcecode.c.objc; path = "____UITests.m"; sourceTree = "<group>"; };
		CF55F6681CCF755000AC1EEA /* Info.plist */ = {isa = PBXFileReference; lastKnownFileType = text.plist.xml; path = Info.plist; sourceTree = "<group>"; };
		CF55F6921CCF76DE00AC1EEA /* AppDelegate.h */ = {isa = PBXFileReference; fileEncoding = 4; lastKnownFileType = sourcecode.c.h; path = AppDelegate.h; sourceTree = "<group>"; };
		CF55F6931CCF76DE00AC1EEA /* AppDelegate.m */ = {isa = PBXFileReference; fileEncoding = 4; lastKnownFileType = sourcecode.c.objc; path = AppDelegate.m; sourceTree = "<group>"; };
		CF55F6941CCF76DE00AC1EEA /* main.m */ = {isa = PBXFileReference; fileEncoding = 4; lastKnownFileType = sourcecode.c.objc; path = main.m; sourceTree = "<group>"; };
		CF55F69B1CCF794700AC1EEA /* JSHallTableViewController.h */ = {isa = PBXFileReference; fileEncoding = 4; lastKnownFileType = sourcecode.c.h; path = JSHallTableViewController.h; sourceTree = "<group>"; };
		CF55F69C1CCF794700AC1EEA /* JSHallTableViewController.m */ = {isa = PBXFileReference; fileEncoding = 4; lastKnownFileType = sourcecode.c.objc; path = JSHallTableViewController.m; sourceTree = "<group>"; };
		CF55F69E1CCF79A800AC1EEA /* JSAranaViewController.h */ = {isa = PBXFileReference; fileEncoding = 4; lastKnownFileType = sourcecode.c.h; path = JSAranaViewController.h; sourceTree = "<group>"; };
		CF55F69F1CCF79A800AC1EEA /* JSAranaViewController.m */ = {isa = PBXFileReference; fileEncoding = 4; lastKnownFileType = sourcecode.c.objc; path = JSAranaViewController.m; sourceTree = "<group>"; };
		CF55F6A11CCF79CE00AC1EEA /* JSDiscoverTableViewController.h */ = {isa = PBXFileReference; fileEncoding = 4; lastKnownFileType = sourcecode.c.h; path = JSDiscoverTableViewController.h; sourceTree = "<group>"; };
		CF55F6A21CCF79CE00AC1EEA /* JSDiscoverTableViewController.m */ = {isa = PBXFileReference; fileEncoding = 4; lastKnownFileType = sourcecode.c.objc; path = JSDiscoverTableViewController.m; sourceTree = "<group>"; };
		CF55F6AA1CCF7A8300AC1EEA /* JSTabBarController.h */ = {isa = PBXFileReference; fileEncoding = 4; lastKnownFileType = sourcecode.c.h; path = JSTabBarController.h; sourceTree = "<group>"; };
		CF55F6AB1CCF7A8300AC1EEA /* JSTabBarController.m */ = {isa = PBXFileReference; fileEncoding = 4; lastKnownFileType = sourcecode.c.objc; path = JSTabBarController.m; sourceTree = "<group>"; };
		CF55F6AD1CCF7AA400AC1EEA /* JSNavigationController.h */ = {isa = PBXFileReference; fileEncoding = 4; lastKnownFileType = sourcecode.c.h; path = JSNavigationController.h; sourceTree = "<group>"; };
		CF55F6AE1CCF7AA400AC1EEA /* JSNavigationController.m */ = {isa = PBXFileReference; fileEncoding = 4; lastKnownFileType = sourcecode.c.objc; path = JSNavigationController.m; sourceTree = "<group>"; };
		CF55F6B01CCF7ABC00AC1EEA /* JSTabBar.h */ = {isa = PBXFileReference; fileEncoding = 4; lastKnownFileType = sourcecode.c.h; path = JSTabBar.h; sourceTree = "<group>"; };
		CF55F6B11CCF7ABC00AC1EEA /* JSTabBar.m */ = {isa = PBXFileReference; fileEncoding = 4; lastKnownFileType = sourcecode.c.objc; path = JSTabBar.m; sourceTree = "<group>"; };
		CF55F6B31CCF7AD300AC1EEA /* JSTabBarButton.h */ = {isa = PBXFileReference; fileEncoding = 4; lastKnownFileType = sourcecode.c.h; path = JSTabBarButton.h; sourceTree = "<group>"; };
		CF55F6B41CCF7AD300AC1EEA /* JSTabBarButton.m */ = {isa = PBXFileReference; fileEncoding = 4; lastKnownFileType = sourcecode.c.objc; path = JSTabBarButton.m; sourceTree = "<group>"; };
		CF55F6B61CCF7BAD00AC1EEA /* JSHistoryTableViewController.h */ = {isa = PBXFileReference; fileEncoding = 4; lastKnownFileType = sourcecode.c.h; path = JSHistoryTableViewController.h; sourceTree = "<group>"; };
		CF55F6B71CCF7BAD00AC1EEA /* JSHistoryTableViewController.m */ = {isa = PBXFileReference; fileEncoding = 4; lastKnownFileType = sourcecode.c.objc; path = JSHistoryTableViewController.m; sourceTree = "<group>"; };
		CFC516E31CD8442E0028F955 /* JSSettingTableViewController.h */ = {isa = PBXFileReference; fileEncoding = 4; lastKnownFileType = sourcecode.c.h; path = JSSettingTableViewController.h; sourceTree = "<group>"; };
		CFC516E41CD8442E0028F955 /* JSSettingTableViewController.m */ = {isa = PBXFileReference; fileEncoding = 4; lastKnownFileType = sourcecode.c.objc; path = JSSettingTableViewController.m; sourceTree = "<group>"; };
		CFC516EC1CD85A440028F955 /* DRNRealTimeBlurView.h */ = {isa = PBXFileReference; fileEncoding = 4; lastKnownFileType = sourcecode.c.h; path = DRNRealTimeBlurView.h; sourceTree = "<group>"; };
		CFC516ED1CD85A440028F955 /* DRNRealTimeBlurView.m */ = {isa = PBXFileReference; fileEncoding = 4; lastKnownFileType = sourcecode.c.objc; path = DRNRealTimeBlurView.m; sourceTree = "<group>"; };
		CFC516EE1CD85A440028F955 /* UIImage+BoxBlur.h */ = {isa = PBXFileReference; fileEncoding = 4; lastKnownFileType = sourcecode.c.h; path = "UIImage+BoxBlur.h"; sourceTree = "<group>"; };
		CFC516EF1CD85A440028F955 /* UIImage+BoxBlur.m */ = {isa = PBXFileReference; fileEncoding = 4; lastKnownFileType = sourcecode.c.objc; path = "UIImage+BoxBlur.m"; sourceTree = "<group>"; };
		CFC516F11CD85A440028F955 /* MBProgressHUD+XMG.h */ = {isa = PBXFileReference; fileEncoding = 4; lastKnownFileType = sourcecode.c.h; path = "MBProgressHUD+XMG.h"; sourceTree = "<group>"; };
		CFC516F21CD85A440028F955 /* MBProgressHUD+XMG.m */ = {isa = PBXFileReference; fileEncoding = 4; lastKnownFileType = sourcecode.c.objc; path = "MBProgressHUD+XMG.m"; sourceTree = "<group>"; };
		CFC516F31CD85A440028F955 /* MBProgressHUD.bundle */ = {isa = PBXFileReference; lastKnownFileType = "wrapper.plug-in"; path = MBProgressHUD.bundle; sourceTree = "<group>"; };
		CFC516F41CD85A440028F955 /* MBProgressHUD.h */ = {isa = PBXFileReference; fileEncoding = 4; lastKnownFileType = sourcecode.c.h; path = MBProgressHUD.h; sourceTree = "<group>"; };
		CFC516F51CD85A440028F955 /* MBProgressHUD.m */ = {isa = PBXFileReference; fileEncoding = 4; lastKnownFileType = sourcecode.c.objc; path = MBProgressHUD.m; sourceTree = "<group>"; };
		CFC516FB1CD85C450028F955 /* JSSettingItem.h */ = {isa = PBXFileReference; fileEncoding = 4; lastKnownFileType = sourcecode.c.h; path = JSSettingItem.h; sourceTree = "<group>"; };
		CFC516FC1CD85C450028F955 /* JSSettingItem.m */ = {isa = PBXFileReference; fileEncoding = 4; lastKnownFileType = sourcecode.c.objc; path = JSSettingItem.m; sourceTree = "<group>"; };
		CFC516FE1CD85C5C0028F955 /* JSSettingGroup.h */ = {isa = PBXFileReference; fileEncoding = 4; lastKnownFileType = sourcecode.c.h; path = JSSettingGroup.h; sourceTree = "<group>"; };
		CFC516FF1CD85C5C0028F955 /* JSSettingGroup.m */ = {isa = PBXFileReference; fileEncoding = 4; lastKnownFileType = sourcecode.c.objc; path = JSSettingGroup.m; sourceTree = "<group>"; };
		CFC517011CD85C740028F955 /* JSSettingTableViewCell.h */ = {isa = PBXFileReference; fileEncoding = 4; lastKnownFileType = sourcecode.c.h; path = JSSettingTableViewCell.h; sourceTree = "<group>"; };
		CFC517021CD85C740028F955 /* JSSettingTableViewCell.m */ = {isa = PBXFileReference; fileEncoding = 4; lastKnownFileType = sourcecode.c.objc; path = JSSettingTableViewCell.m; sourceTree = "<group>"; };
		CFC517041CD85E170028F955 /* JSArrowSettingItem.h */ = {isa = PBXFileReference; fileEncoding = 4; lastKnownFileType = sourcecode.c.h; path = JSArrowSettingItem.h; sourceTree = "<group>"; };
		CFC517051CD85E170028F955 /* JSArrowSettingItem.m */ = {isa = PBXFileReference; fileEncoding = 4; lastKnownFileType = sourcecode.c.objc; path = JSArrowSettingItem.m; sourceTree = "<group>"; };
		CFC517071CD85E260028F955 /* JSSwitchSettingItem.h */ = {isa = PBXFileReference; fileEncoding = 4; lastKnownFileType = sourcecode.c.h; path = JSSwitchSettingItem.h; sourceTree = "<group>"; };
		CFC517081CD85E260028F955 /* JSSwitchSettingItem.m */ = {isa = PBXFileReference; fileEncoding = 4; lastKnownFileType = sourcecode.c.objc; path = JSSwitchSettingItem.m; sourceTree = "<group>"; };
		CFC5170A1CD873360028F955 /* JSCheckUpdateBlurView.h */ = {isa = PBXFileReference; fileEncoding = 4; lastKnownFileType = sourcecode.c.h; path = JSCheckUpdateBlurView.h; sourceTree = "<group>"; };
		CFC5170B1CD873360028F955 /* JSCheckUpdateBlurView.m */ = {isa = PBXFileReference; fileEncoding = 4; lastKnownFileType = sourcecode.c.objc; path = JSCheckUpdateBlurView.m; sourceTree = "<group>"; };
		CFC517111CD8D6E30028F955 /* JSPushBaseTableViewController.h */ = {isa = PBXFileReference; fileEncoding = 4; lastKnownFileType = sourcecode.c.h; path = JSPushBaseTableViewController.h; sourceTree = "<group>"; };
		CFC517121CD8D6E30028F955 /* JSPushBaseTableViewController.m */ = {isa = PBXFileReference; fileEncoding = 4; lastKnownFileType = sourcecode.c.objc; path = JSPushBaseTableViewController.m; sourceTree = "<group>"; };
		CFC517141CD8DBD40028F955 /* JSScoreViewController.h */ = {isa = PBXFileReference; fileEncoding = 4; lastKnownFileType = sourcecode.c.h; path = JSScoreViewController.h; sourceTree = "<group>"; };
		CFC517151CD8DBD40028F955 /* JSScoreViewController.m */ = {isa = PBXFileReference; fileEncoding = 4; lastKnownFileType = sourcecode.c.objc; path = JSScoreViewController.m; sourceTree = "<group>"; };
		CFC517171CD8DBE50028F955 /* JSAwardViewController.h */ = {isa = PBXFileReference; fileEncoding = 4; lastKnownFileType = sourcecode.c.h; path = JSAwardViewController.h; sourceTree = "<group>"; };
		CFC517181CD8DBE50028F955 /* JSAwardViewController.m */ = {isa = PBXFileReference; fileEncoding = 4; lastKnownFileType = sourcecode.c.objc; path = JSAwardViewController.m; sourceTree = "<group>"; };
		CFC5171A1CD8DBEE0028F955 /* JSPushViewController.h */ = {isa = PBXFileReference; fileEncoding = 4; lastKnownFileType = sourcecode.c.h; path = JSPushViewController.h; sourceTree = "<group>"; };
		CFC5171B1CD8DBEE0028F955 /* JSPushViewController.m */ = {isa = PBXFileReference; fileEncoding = 4; lastKnownFileType = sourcecode.c.objc; path = JSPushViewController.m; sourceTree = "<group>"; };
		CFC5171D1CD8E13B0028F955 /* JSHelpTableViewController.h */ = {isa = PBXFileReference; fileEncoding = 4; lastKnownFileType = sourcecode.c.h; path = JSHelpTableViewController.h; sourceTree = "<group>"; };
		CFC5171E1CD8E13B0028F955 /* JSHelpTableViewController.m */ = {isa = PBXFileReference; fileEncoding = 4; lastKnownFileType = sourcecode.c.objc; path = JSHelpTableViewController.m; sourceTree = "<group>"; };
		CFC517201CD8EDD70028F955 /* help.json */ = {isa = PBXFileReference; fileEncoding = 4; lastKnownFileType = text.json; name = help.json; path = ../../Other/help.json; sourceTree = "<group>"; };
		CFC517231CD8EE030028F955 /* bjdc_howto.html */ = {isa = PBXFileReference; fileEncoding = 4; lastKnownFileType = text.html; path = bjdc_howto.html; sourceTree = "<group>"; };
		CFC517241CD8EE030028F955 /* coupon_help.html */ = {isa = PBXFileReference; fileEncoding = 4; lastKnownFileType = text.html; path = coupon_help.html; sourceTree = "<group>"; };
		CFC517251CD8EE030028F955 /* credit_help.html */ = {isa = PBXFileReference; fileEncoding = 4; lastKnownFileType = text.html; path = credit_help.html; sourceTree = "<group>"; };
		CFC517261CD8EE030028F955 /* dlt_howto.html */ = {isa = PBXFileReference; fileEncoding = 4; lastKnownFileType = text.html; path = dlt_howto.html; sourceTree = "<group>"; };
		CFC517271CD8EE030028F955 /* f9_howto.html */ = {isa = PBXFileReference; fileEncoding = 4; lastKnownFileType = text.html; path = f9_howto.html; sourceTree = "<group>"; };
		CFC517281CD8EE030028F955 /* gdy11_howto.html */ = {isa = PBXFileReference; fileEncoding = 4; lastKnownFileType = text.html; path = gdy11_howto.html; sourceTree = "<group>"; };
		CFC517291CD8EE030028F955 /* group_record.html */ = {isa = PBXFileReference; fileEncoding = 4; lastKnownFileType = text.html; path = group_record.html; sourceTree = "<group>"; };
		CFC5172A1CD8EE030028F955 /* help.html */ = {isa = PBXFileReference; fileEncoding = 4; lastKnownFileType = text.html; path = help.html; sourceTree = "<group>"; };
		CFC5172B1CD8EE030028F955 /* helpGroupBuy.html */ = {isa = PBXFileReference; fileEncoding = 4; lastKnownFileType = text.html; path = helpGroupBuy.html; sourceTree = "<group>"; };
		CFC5172C1CD8EE030028F955 /* jclq_howto.html */ = {isa = PBXFileReference; fileEncoding = 4; lastKnownFileType = text.html; path = jclq_howto.html; sourceTree = "<group>"; };
		CFC5172D1CD8EE030028F955 /* jczq_howto.html */ = {isa = PBXFileReference; fileEncoding = 4; lastKnownFileType = text.html; path = jczq_howto.html; sourceTree = "<group>"; };
		CFC5172E1CD8EE030028F955 /* jxssc_howto.html */ = {isa = PBXFileReference; fileEncoding = 4; lastKnownFileType = text.html; path = jxssc_howto.html; sourceTree = "<group>"; };
		CFC5172F1CD8EE030028F955 /* jxy11_howto.html */ = {isa = PBXFileReference; fileEncoding = 4; lastKnownFileType = text.html; path = jxy11_howto.html; sourceTree = "<group>"; };
		CFC517301CD8EE030028F955 /* k2_howto.html */ = {isa = PBXFileReference; fileEncoding = 4; lastKnownFileType = text.html; path = k2_howto.html; sourceTree = "<group>"; };
		CFC517311CD8EE030028F955 /* k3_howto.html */ = {isa = PBXFileReference; fileEncoding = 4; lastKnownFileType = text.html; path = k3_howto.html; sourceTree = "<group>"; };
		CFC517321CD8EE030028F955 /* kl8_howto.html */ = {isa = PBXFileReference; fileEncoding = 4; lastKnownFileType = text.html; path = kl8_howto.html; sourceTree = "<group>"; };
		CFC517331CD8EE030028F955 /* lk11_howto.html */ = {isa = PBXFileReference; fileEncoding = 4; lastKnownFileType = text.html; path = lk11_howto.html; sourceTree = "<group>"; };
		CFC517341CD8EE030028F955 /* networkconnectedfailed.html */ = {isa = PBXFileReference; fileEncoding = 4; lastKnownFileType = text.html; path = networkconnectedfailed.html; sourceTree = "<group>"; };
		CFC517351CD8EE030028F955 /* pl3_howto.html */ = {isa = PBXFileReference; fileEncoding = 4; lastKnownFileType = text.html; path = pl3_howto.html; sourceTree = "<group>"; };
		CFC517361CD8EE030028F955 /* pl5_howto.html */ = {isa = PBXFileReference; fileEncoding = 4; lastKnownFileType = text.html; path = pl5_howto.html; sourceTree = "<group>"; };
		CFC517371CD8EE030028F955 /* qlc_howto.html */ = {isa = PBXFileReference; fileEncoding = 4; lastKnownFileType = text.html; path = qlc_howto.html; sourceTree = "<group>"; };
		CFC517381CD8EE030028F955 /* qxc_howto.html */ = {isa = PBXFileReference; fileEncoding = 4; lastKnownFileType = text.html; path = qxc_howto.html; sourceTree = "<group>"; };
		CFC517391CD8EE030028F955 /* rule.css */ = {isa = PBXFileReference; fileEncoding = 4; lastKnownFileType = text.css; path = rule.css; sourceTree = "<group>"; };
		CFC5173A1CD8EE030028F955 /* sfc_howto.html */ = {isa = PBXFileReference; fileEncoding = 4; lastKnownFileType = text.html; path = sfc_howto.html; sourceTree = "<group>"; };
		CFC5173B1CD8EE030028F955 /* ssc_howto.html */ = {isa = PBXFileReference; fileEncoding = 4; lastKnownFileType = text.html; path = ssc_howto.html; sourceTree = "<group>"; };
		CFC5173C1CD8EE030028F955 /* ssq_howto.html */ = {isa = PBXFileReference; fileEncoding = 4; lastKnownFileType = text.html; path = ssq_howto.html; sourceTree = "<group>"; };
		CFC5173D1CD8EE030028F955 /* x3d_howto.html */ = {isa = PBXFileReference; fileEncoding = 4; lastKnownFileType = text.html; path = x3d_howto.html; sourceTree = "<group>"; };
		CFC5173E1CD8EE030028F955 /* y11_howto.html */ = {isa = PBXFileReference; fileEncoding = 4; lastKnownFileType = text.html; path = y11_howto.html; sourceTree = "<group>"; };
		CFC5173F1CD8EE030028F955 /* znzh.html */ = {isa = PBXFileReference; fileEncoding = 4; lastKnownFileType = text.html; path = znzh.html; sourceTree = "<group>"; };
		CFC5175D1CD8EEC80028F955 /* JSHtmlModel.h */ = {isa = PBXFileReference; fileEncoding = 4; lastKnownFileType = sourcecode.c.h; path = JSHtmlModel.h; sourceTree = "<group>"; };
		CFC5175E1CD8EEC80028F955 /* JSHtmlModel.m */ = {isa = PBXFileReference; fileEncoding = 4; lastKnownFileType = sourcecode.c.objc; path = JSHtmlModel.m; sourceTree = "<group>"; };
		CFC517601CD8EF030028F955 /* JSHtmlJsonParser.h */ = {isa = PBXFileReference; fileEncoding = 4; lastKnownFileType = sourcecode.c.h; path = JSHtmlJsonParser.h; sourceTree = "<group>"; };
		CFC517611CD8EF030028F955 /* JSHtmlJsonParser.m */ = {isa = PBXFileReference; fileEncoding = 4; lastKnownFileType = sourcecode.c.objc; path = JSHtmlJsonParser.m; sourceTree = "<group>"; };
		CFC517631CD8F2530028F955 /* JSHelpWebViewController.h */ = {isa = PBXFileReference; fileEncoding = 4; lastKnownFileType = sourcecode.c.h; path = JSHelpWebViewController.h; sourceTree = "<group>"; };
		CFC517641CD8F2530028F955 /* JSHelpWebViewController.m */ = {isa = PBXFileReference; fileEncoding = 4; lastKnownFileType = sourcecode.c.objc; path = JSHelpWebViewController.m; sourceTree = "<group>"; };
/* End PBXFileReference section */

/* Begin PBXFrameworksBuildPhase section */
		CF55F63B1CCF755000AC1EEA /* Frameworks */ = {
			isa = PBXFrameworksBuildPhase;
			buildActionMask = 2147483647;
			files = (
			);
			runOnlyForDeploymentPostprocessing = 0;
		};
		CF55F6541CCF755000AC1EEA /* Frameworks */ = {
			isa = PBXFrameworksBuildPhase;
			buildActionMask = 2147483647;
			files = (
			);
			runOnlyForDeploymentPostprocessing = 0;
		};
		CF55F65F1CCF755000AC1EEA /* Frameworks */ = {
			isa = PBXFrameworksBuildPhase;
			buildActionMask = 2147483647;
			files = (
			);
			runOnlyForDeploymentPostprocessing = 0;
		};
/* End PBXFrameworksBuildPhase section */

/* Begin PBXGroup section */
		CF1BF7291CD2527F000F7BE7 /* Guide */ = {
			isa = PBXGroup;
			children = (
				CF1BF72A1CD2527F000F7BE7 /* Controller */,
				CF1BF72B1CD2527F000F7BE7 /* Model */,
				CF1BF72C1CD2527F000F7BE7 /* View */,
			);
			path = Guide;
			sourceTree = "<group>";
		};
		CF1BF72A1CD2527F000F7BE7 /* Controller */ = {
			isa = PBXGroup;
			children = (
				CF1BF72D1CD2529A000F7BE7 /* JSGuideViewController.h */,
				CF1BF72E1CD2529A000F7BE7 /* JSGuideViewController.m */,
			);
			path = Controller;
			sourceTree = "<group>";
		};
		CF1BF72B1CD2527F000F7BE7 /* Model */ = {
			isa = PBXGroup;
			children = (
			);
			path = Model;
			sourceTree = "<group>";
		};
		CF1BF72C1CD2527F000F7BE7 /* View */ = {
			isa = PBXGroup;
			children = (
				CF1BF7301CD254A4000F7BE7 /* JSGuideCollectionViewCell.h */,
				CF1BF7311CD254A4000F7BE7 /* JSGuideCollectionViewCell.m */,
			);
			path = View;
			sourceTree = "<group>";
		};
		CF1BF7331CD25FAE000F7BE7 /* Tools */ = {
			isa = PBXGroup;
			children = (
				CF1BF7341CD25FC1000F7BE7 /* Guide */,
			);
			path = Tools;
			sourceTree = "<group>";
		};
		CF1BF7341CD25FC1000F7BE7 /* Guide */ = {
			isa = PBXGroup;
			children = (
				CF1BF7351CD25FD5000F7BE7 /* GuideTools.h */,
				CF1BF7361CD25FD5000F7BE7 /* GuideTools.m */,
			);
			path = Guide;
			sourceTree = "<group>";
		};
		CF55F6351CCF755000AC1EEA = {
			isa = PBXGroup;
			children = (
				CF55F6401CCF755000AC1EEA /* 网易彩票 */,
				CF55F65A1CCF755000AC1EEA /* 网易彩票Tests */,
				CF55F6651CCF755000AC1EEA /* 网易彩票UITests */,
				CF55F63F1CCF755000AC1EEA /* Products */,
			);
			sourceTree = "<group>";
		};
		CF55F63F1CCF755000AC1EEA /* Products */ = {
			isa = PBXGroup;
			children = (
				CF55F63E1CCF755000AC1EEA /* 网易彩票.app */,
				CF55F6571CCF755000AC1EEA /* 网易彩票Tests.xctest */,
				CF55F6621CCF755000AC1EEA /* 网易彩票UITests.xctest */,
			);
			name = Products;
			sourceTree = "<group>";
		};
		CF55F6401CCF755000AC1EEA /* 网易彩票 */ = {
			isa = PBXGroup;
			children = (
				CF55F6741CCF76DE00AC1EEA /* classes */,
				CF55F64D1CCF755000AC1EEA /* Assets.xcassets */,
				CF55F64F1CCF755000AC1EEA /* LaunchScreen.storyboard */,
				CF55F6521CCF755000AC1EEA /* Info.plist */,
				CF55F6411CCF755000AC1EEA /* Supporting Files */,
			);
			path = "网易彩票";
			sourceTree = "<group>";
		};
		CF55F6411CCF755000AC1EEA /* Supporting Files */ = {
			isa = PBXGroup;
			children = (
			);
			name = "Supporting Files";
			sourceTree = "<group>";
		};
		CF55F65A1CCF755000AC1EEA /* 网易彩票Tests */ = {
			isa = PBXGroup;
			children = (
				CF55F65B1CCF755000AC1EEA /* ____Tests.m */,
				CF55F65D1CCF755000AC1EEA /* Info.plist */,
			);
			path = "网易彩票Tests";
			sourceTree = "<group>";
		};
		CF55F6651CCF755000AC1EEA /* 网易彩票UITests */ = {
			isa = PBXGroup;
			children = (
				CF55F6661CCF755000AC1EEA /* ____UITests.m */,
				CF55F6681CCF755000AC1EEA /* Info.plist */,
			);
			path = "网易彩票UITests";
			sourceTree = "<group>";
		};
		CF55F6741CCF76DE00AC1EEA /* classes */ = {
			isa = PBXGroup;
			children = (
				CF1BF7331CD25FAE000F7BE7 /* Tools */,
				CF1BF7291CD2527F000F7BE7 /* Guide */,
				CF55F6751CCF76DE00AC1EEA /* Arana */,
				CF55F6791CCF76DE00AC1EEA /* Discover */,
				CF55F67D1CCF76DE00AC1EEA /* Hall */,
				CF55F6811CCF76DE00AC1EEA /* Help */,
				CF55F6851CCF76DE00AC1EEA /* History */,
				CF55F6891CCF76DE00AC1EEA /* Main */,
				CF55F68D1CCF76DE00AC1EEA /* Mylottery */,
				CF55F6911CCF76DE00AC1EEA /* Other */,
				CF55F6951CCF76DE00AC1EEA /* Setting */,
			);
			path = classes;
			sourceTree = "<group>";
		};
		CF55F6751CCF76DE00AC1EEA /* Arana */ = {
			isa = PBXGroup;
			children = (
				CF55F6761CCF76DE00AC1EEA /* Controller */,
				CF55F6771CCF76DE00AC1EEA /* Model */,
				CF55F6781CCF76DE00AC1EEA /* View */,
			);
			path = Arana;
			sourceTree = "<group>";
		};
		CF55F6761CCF76DE00AC1EEA /* Controller */ = {
			isa = PBXGroup;
			children = (
				CF55F69E1CCF79A800AC1EEA /* JSAranaViewController.h */,
				CF55F69F1CCF79A800AC1EEA /* JSAranaViewController.m */,
				CF4CE89A1CD0C14B00309C2D /* JSArenaNavigationController.h */,
				CF4CE89B1CD0C14B00309C2D /* JSArenaNavigationController.m */,
			);
			path = Controller;
			sourceTree = "<group>";
		};
		CF55F6771CCF76DE00AC1EEA /* Model */ = {
			isa = PBXGroup;
			children = (
			);
			path = Model;
			sourceTree = "<group>";
		};
		CF55F6781CCF76DE00AC1EEA /* View */ = {
			isa = PBXGroup;
			children = (
			);
			path = View;
			sourceTree = "<group>";
		};
		CF55F6791CCF76DE00AC1EEA /* Discover */ = {
			isa = PBXGroup;
			children = (
				CF55F67A1CCF76DE00AC1EEA /* Controller */,
				CF55F67B1CCF76DE00AC1EEA /* Model */,
				CF55F67C1CCF76DE00AC1EEA /* View */,
			);
			path = Discover;
			sourceTree = "<group>";
		};
		CF55F67A1CCF76DE00AC1EEA /* Controller */ = {
			isa = PBXGroup;
			children = (
				CF55F6A11CCF79CE00AC1EEA /* JSDiscoverTableViewController.h */,
				CF55F6A21CCF79CE00AC1EEA /* JSDiscoverTableViewController.m */,
				CF4CE89D1CD0C93900309C2D /* JSDiscoverTableViewController.storyboard */,
				CF4CE89F1CD0CFB000309C2D /* JSBuyTogetherTableViewController.h */,
				CF4CE8A01CD0CFB000309C2D /* JSBuyTogetherTableViewController.m */,
				CF4CE8A81CD0D6FD00309C2D /* JSLuckyViewController.h */,
				CF4CE8A91CD0D6FD00309C2D /* JSLuckyViewController.m */,
			);
			path = Controller;
			sourceTree = "<group>";
		};
		CF55F67B1CCF76DE00AC1EEA /* Model */ = {
			isa = PBXGroup;
			children = (
			);
			path = Model;
			sourceTree = "<group>";
		};
		CF55F67C1CCF76DE00AC1EEA /* View */ = {
			isa = PBXGroup;
			children = (
				CF4CE8A21CD0CFE700309C2D /* BuyTogetherTitleButton.h */,
				CF4CE8A31CD0CFE700309C2D /* BuyTogetherTitleButton.m */,
				CF4CE8A51CD0D5F600309C2D /* LuckyView.h */,
				CF4CE8A61CD0D5F600309C2D /* LuckyView.m */,
			);
			path = View;
			sourceTree = "<group>";
		};
		CF55F67D1CCF76DE00AC1EEA /* Hall */ = {
			isa = PBXGroup;
			children = (
				CF55F67E1CCF76DE00AC1EEA /* Controller */,
				CF55F67F1CCF76DE00AC1EEA /* Model */,
				CF55F6801CCF76DE00AC1EEA /* View */,
			);
			path = Hall;
			sourceTree = "<group>";
		};
		CF55F67E1CCF76DE00AC1EEA /* Controller */ = {
			isa = PBXGroup;
			children = (
				CF55F69B1CCF794700AC1EEA /* JSHallTableViewController.h */,
				CF55F69C1CCF794700AC1EEA /* JSHallTableViewController.m */,
			);
			path = Controller;
			sourceTree = "<group>";
		};
		CF55F67F1CCF76DE00AC1EEA /* Model */ = {
			isa = PBXGroup;
			children = (
			);
			path = Model;
			sourceTree = "<group>";
		};
		CF55F6801CCF76DE00AC1EEA /* View */ = {
			isa = PBXGroup;
			children = (
				CF4CE8881CD07E2E00309C2D /* CoverView.h */,
				CF4CE8891CD07E2E00309C2D /* CoverView.m */,
				CF4CE88B1CD07F9C00309C2D /* JSActivityView.h */,
				CF4CE88C1CD07F9C00309C2D /* JSActivityView.m */,
				CF4CE88E1CD07FA700309C2D /* JSActivityView.xib */,
				CF4CE8901CD0893600309C2D /* JSDragDownView.h */,
				CF4CE8911CD0893600309C2D /* JSDragDownView.m */,
			);
			path = View;
			sourceTree = "<group>";
		};
		CF55F6811CCF76DE00AC1EEA /* Help */ = {
			isa = PBXGroup;
			children = (
				CF55F6821CCF76DE00AC1EEA /* Controller */,
				CF55F6831CCF76DE00AC1EEA /* Model */,
				CF55F6841CCF76DE00AC1EEA /* View */,
			);
			path = Help;
			sourceTree = "<group>";
		};
		CF55F6821CCF76DE00AC1EEA /* Controller */ = {
			isa = PBXGroup;
			children = (
				CFC5171D1CD8E13B0028F955 /* JSHelpTableViewController.h */,
				CFC5171E1CD8E13B0028F955 /* JSHelpTableViewController.m */,
				CFC517631CD8F2530028F955 /* JSHelpWebViewController.h */,
				CFC517641CD8F2530028F955 /* JSHelpWebViewController.m */,
			);
			path = Controller;
			sourceTree = "<group>";
		};
		CF55F6831CCF76DE00AC1EEA /* Model */ = {
			isa = PBXGroup;
			children = (
				CFC517221CD8EE030028F955 /* Html */,
				CFC517201CD8EDD70028F955 /* help.json */,
				CFC5175D1CD8EEC80028F955 /* JSHtmlModel.h */,
				CFC5175E1CD8EEC80028F955 /* JSHtmlModel.m */,
				CFC517601CD8EF030028F955 /* JSHtmlJsonParser.h */,
				CFC517611CD8EF030028F955 /* JSHtmlJsonParser.m */,
			);
			path = Model;
			sourceTree = "<group>";
		};
		CF55F6841CCF76DE00AC1EEA /* View */ = {
			isa = PBXGroup;
			children = (
			);
			path = View;
			sourceTree = "<group>";
		};
		CF55F6851CCF76DE00AC1EEA /* History */ = {
			isa = PBXGroup;
			children = (
				CF55F6861CCF76DE00AC1EEA /* Controller */,
				CF55F6871CCF76DE00AC1EEA /* Model */,
				CF55F6881CCF76DE00AC1EEA /* View */,
			);
			path = History;
			sourceTree = "<group>";
		};
		CF55F6861CCF76DE00AC1EEA /* Controller */ = {
			isa = PBXGroup;
			children = (
				CF55F6B61CCF7BAD00AC1EEA /* JSHistoryTableViewController.h */,
				CF55F6B71CCF7BAD00AC1EEA /* JSHistoryTableViewController.m */,
			);
			path = Controller;
			sourceTree = "<group>";
		};
		CF55F6871CCF76DE00AC1EEA /* Model */ = {
			isa = PBXGroup;
			children = (
			);
			path = Model;
			sourceTree = "<group>";
		};
		CF55F6881CCF76DE00AC1EEA /* View */ = {
			isa = PBXGroup;
			children = (
			);
			path = View;
			sourceTree = "<group>";
		};
		CF55F6891CCF76DE00AC1EEA /* Main */ = {
			isa = PBXGroup;
			children = (
				CF55F68A1CCF76DE00AC1EEA /* Controller */,
				CF55F68B1CCF76DE00AC1EEA /* Model */,
				CF55F68C1CCF76DE00AC1EEA /* View */,
			);
			path = Main;
			sourceTree = "<group>";
		};
		CF55F68A1CCF76DE00AC1EEA /* Controller */ = {
			isa = PBXGroup;
			children = (
				CF55F6AA1CCF7A8300AC1EEA /* JSTabBarController.h */,
				CF55F6AB1CCF7A8300AC1EEA /* JSTabBarController.m */,
				CF55F6AD1CCF7AA400AC1EEA /* JSNavigationController.h */,
				CF55F6AE1CCF7AA400AC1EEA /* JSNavigationController.m */,
			);
			path = Controller;
			sourceTree = "<group>";
		};
		CF55F68B1CCF76DE00AC1EEA /* Model */ = {
			isa = PBXGroup;
			children = (
			);
			path = Model;
			sourceTree = "<group>";
		};
		CF55F68C1CCF76DE00AC1EEA /* View */ = {
			isa = PBXGroup;
			children = (
				CF55F6B01CCF7ABC00AC1EEA /* JSTabBar.h */,
				CF55F6B11CCF7ABC00AC1EEA /* JSTabBar.m */,
				CF55F6B31CCF7AD300AC1EEA /* JSTabBarButton.h */,
				CF55F6B41CCF7AD300AC1EEA /* JSTabBarButton.m */,
			);
			path = View;
			sourceTree = "<group>";
		};
		CF55F68D1CCF76DE00AC1EEA /* Mylottery */ = {
			isa = PBXGroup;
			children = (
				CF55F68E1CCF76DE00AC1EEA /* Controller */,
				CF55F68F1CCF76DE00AC1EEA /* Model */,
				CF55F6901CCF76DE00AC1EEA /* View */,
			);
			path = Mylottery;
			sourceTree = "<group>";
		};
		CF55F68E1CCF76DE00AC1EEA /* Controller */ = {
			isa = PBXGroup;
			children = (
				CF4CE8951CD0BA5900309C2D /* JSMyLotteryViewController.h */,
				CF4CE8961CD0BA5900309C2D /* JSMyLotteryViewController.m */,
				CF4CE8971CD0BA5900309C2D /* JSMyLotteryViewController.xib */,
			);
			path = Controller;
			sourceTree = "<group>";
		};
		CF55F68F1CCF76DE00AC1EEA /* Model */ = {
			isa = PBXGroup;
			children = (
			);
			path = Model;
			sourceTree = "<group>";
		};
		CF55F6901CCF76DE00AC1EEA /* View */ = {
			isa = PBXGroup;
			children = (
			);
			path = View;
			sourceTree = "<group>";
		};
		CF55F6911CCF76DE00AC1EEA /* Other */ = {
			isa = PBXGroup;
			children = (
				CFC516E81CD85A440028F955 /* Lib */,
				CF55F6921CCF76DE00AC1EEA /* AppDelegate.h */,
				CF55F6931CCF76DE00AC1EEA /* AppDelegate.m */,
				CF55F6941CCF76DE00AC1EEA /* main.m */,
				CF4CE8871CD07AB800309C2D /* 网易彩票.pch */,
			);
			path = Other;
			sourceTree = "<group>";
		};
		CF55F6951CCF76DE00AC1EEA /* Setting */ = {
			isa = PBXGroup;
			children = (
				CF55F6961CCF76DE00AC1EEA /* Controller */,
				CF55F6971CCF76DE00AC1EEA /* Model */,
				CF55F6981CCF76DE00AC1EEA /* View */,
			);
			path = Setting;
			sourceTree = "<group>";
		};
		CF55F6961CCF76DE00AC1EEA /* Controller */ = {
			isa = PBXGroup;
			children = (
				CFC5170D1CD8D6B40028F955 /* Push */,
				CFC516E31CD8442E0028F955 /* JSSettingTableViewController.h */,
				CFC516E41CD8442E0028F955 /* JSSettingTableViewController.m */,
			);
			path = Controller;
			sourceTree = "<group>";
		};
		CF55F6971CCF76DE00AC1EEA /* Model */ = {
			isa = PBXGroup;
			children = (
				CFC516FB1CD85C450028F955 /* JSSettingItem.h */,
				CFC516FC1CD85C450028F955 /* JSSettingItem.m */,
				CFC516FE1CD85C5C0028F955 /* JSSettingGroup.h */,
				CFC516FF1CD85C5C0028F955 /* JSSettingGroup.m */,
				CFC517041CD85E170028F955 /* JSArrowSettingItem.h */,
				CFC517051CD85E170028F955 /* JSArrowSettingItem.m */,
				CFC517071CD85E260028F955 /* JSSwitchSettingItem.h */,
				CFC517081CD85E260028F955 /* JSSwitchSettingItem.m */,
			);
			path = Model;
			sourceTree = "<group>";
		};
		CF55F6981CCF76DE00AC1EEA /* View */ = {
			isa = PBXGroup;
			children = (
				CFC517011CD85C740028F955 /* JSSettingTableViewCell.h */,
				CFC517021CD85C740028F955 /* JSSettingTableViewCell.m */,
				CFC5170A1CD873360028F955 /* JSCheckUpdateBlurView.h */,
				CFC5170B1CD873360028F955 /* JSCheckUpdateBlurView.m */,
			);
			path = View;
			sourceTree = "<group>";
		};
		CFC516E81CD85A440028F955 /* Lib */ = {
			isa = PBXGroup;
			children = (
				CFC516E91CD85A440028F955 /* AMSmoothAlert */,
				CFC516EB1CD85A440028F955 /* DRNRealTimeBlurView */,
				CFC516F01CD85A440028F955 /* MBProgressHUD */,
			);
			path = Lib;
			sourceTree = "<group>";
		};
		CFC516E91CD85A440028F955 /* AMSmoothAlert */ = {
			isa = PBXGroup;
			children = (
				CFC516EA1CD85A440028F955 /* assets */,
			);
			path = AMSmoothAlert;
			sourceTree = "<group>";
		};
		CFC516EA1CD85A440028F955 /* assets */ = {
			isa = PBXGroup;
			children = (
			);
			path = assets;
			sourceTree = "<group>";
		};
		CFC516EB1CD85A440028F955 /* DRNRealTimeBlurView */ = {
			isa = PBXGroup;
			children = (
				CFC516EC1CD85A440028F955 /* DRNRealTimeBlurView.h */,
				CFC516ED1CD85A440028F955 /* DRNRealTimeBlurView.m */,
				CFC516EE1CD85A440028F955 /* UIImage+BoxBlur.h */,
				CFC516EF1CD85A440028F955 /* UIImage+BoxBlur.m */,
			);
			path = DRNRealTimeBlurView;
			sourceTree = "<group>";
		};
		CFC516F01CD85A440028F955 /* MBProgressHUD */ = {
			isa = PBXGroup;
			children = (
				CFC516F11CD85A440028F955 /* MBProgressHUD+XMG.h */,
				CFC516F21CD85A440028F955 /* MBProgressHUD+XMG.m */,
				CFC516F31CD85A440028F955 /* MBProgressHUD.bundle */,
				CFC516F41CD85A440028F955 /* MBProgressHUD.h */,
				CFC516F51CD85A440028F955 /* MBProgressHUD.m */,
			);
			path = MBProgressHUD;
			sourceTree = "<group>";
		};
		CFC5170D1CD8D6B40028F955 /* Push */ = {
			isa = PBXGroup;
			children = (
				CFC517111CD8D6E30028F955 /* JSPushBaseTableViewController.h */,
				CFC517121CD8D6E30028F955 /* JSPushBaseTableViewController.m */,
				CFC517141CD8DBD40028F955 /* JSScoreViewController.h */,
				CFC517151CD8DBD40028F955 /* JSScoreViewController.m */,
				CFC517171CD8DBE50028F955 /* JSAwardViewController.h */,
				CFC517181CD8DBE50028F955 /* JSAwardViewController.m */,
				CFC5171A1CD8DBEE0028F955 /* JSPushViewController.h */,
				CFC5171B1CD8DBEE0028F955 /* JSPushViewController.m */,
			);
			path = Push;
			sourceTree = "<group>";
		};
		CFC517221CD8EE030028F955 /* Html */ = {
			isa = PBXGroup;
			children = (
				CFC517231CD8EE030028F955 /* bjdc_howto.html */,
				CFC517241CD8EE030028F955 /* coupon_help.html */,
				CFC517251CD8EE030028F955 /* credit_help.html */,
				CFC517261CD8EE030028F955 /* dlt_howto.html */,
				CFC517271CD8EE030028F955 /* f9_howto.html */,
				CFC517281CD8EE030028F955 /* gdy11_howto.html */,
				CFC517291CD8EE030028F955 /* group_record.html */,
				CFC5172A1CD8EE030028F955 /* help.html */,
				CFC5172B1CD8EE030028F955 /* helpGroupBuy.html */,
				CFC5172C1CD8EE030028F955 /* jclq_howto.html */,
				CFC5172D1CD8EE030028F955 /* jczq_howto.html */,
				CFC5172E1CD8EE030028F955 /* jxssc_howto.html */,
				CFC5172F1CD8EE030028F955 /* jxy11_howto.html */,
				CFC517301CD8EE030028F955 /* k2_howto.html */,
				CFC517311CD8EE030028F955 /* k3_howto.html */,
				CFC517321CD8EE030028F955 /* kl8_howto.html */,
				CFC517331CD8EE030028F955 /* lk11_howto.html */,
				CFC517341CD8EE030028F955 /* networkconnectedfailed.html */,
				CFC517351CD8EE030028F955 /* pl3_howto.html */,
				CFC517361CD8EE030028F955 /* pl5_howto.html */,
				CFC517371CD8EE030028F955 /* qlc_howto.html */,
				CFC517381CD8EE030028F955 /* qxc_howto.html */,
				CFC517391CD8EE030028F955 /* rule.css */,
				CFC5173A1CD8EE030028F955 /* sfc_howto.html */,
				CFC5173B1CD8EE030028F955 /* ssc_howto.html */,
				CFC5173C1CD8EE030028F955 /* ssq_howto.html */,
				CFC5173D1CD8EE030028F955 /* x3d_howto.html */,
				CFC5173E1CD8EE030028F955 /* y11_howto.html */,
				CFC5173F1CD8EE030028F955 /* znzh.html */,
			);
			path = Html;
			sourceTree = "<group>";
		};
/* End PBXGroup section */

/* Begin PBXNativeTarget section */
		CF55F63D1CCF755000AC1EEA /* 网易彩票 */ = {
			isa = PBXNativeTarget;
			buildConfigurationList = CF55F66B1CCF755000AC1EEA /* Build configuration list for PBXNativeTarget "网易彩票" */;
			buildPhases = (
				CF55F63A1CCF755000AC1EEA /* Sources */,
				CF55F63B1CCF755000AC1EEA /* Frameworks */,
				CF55F63C1CCF755000AC1EEA /* Resources */,
			);
			buildRules = (
			);
			dependencies = (
			);
			name = "网易彩票";
			productName = "网易彩票";
			productReference = CF55F63E1CCF755000AC1EEA /* 网易彩票.app */;
			productType = "com.apple.product-type.application";
		};
		CF55F6561CCF755000AC1EEA /* 网易彩票Tests */ = {
			isa = PBXNativeTarget;
			buildConfigurationList = CF55F66E1CCF755000AC1EEA /* Build configuration list for PBXNativeTarget "网易彩票Tests" */;
			buildPhases = (
				CF55F6531CCF755000AC1EEA /* Sources */,
				CF55F6541CCF755000AC1EEA /* Frameworks */,
				CF55F6551CCF755000AC1EEA /* Resources */,
			);
			buildRules = (
			);
			dependencies = (
				CF55F6591CCF755000AC1EEA /* PBXTargetDependency */,
			);
			name = "网易彩票Tests";
			productName = "网易彩票Tests";
			productReference = CF55F6571CCF755000AC1EEA /* 网易彩票Tests.xctest */;
			productType = "com.apple.product-type.bundle.unit-test";
		};
		CF55F6611CCF755000AC1EEA /* 网易彩票UITests */ = {
			isa = PBXNativeTarget;
			buildConfigurationList = CF55F6711CCF755000AC1EEA /* Build configuration list for PBXNativeTarget "网易彩票UITests" */;
			buildPhases = (
				CF55F65E1CCF755000AC1EEA /* Sources */,
				CF55F65F1CCF755000AC1EEA /* Frameworks */,
				CF55F6601CCF755000AC1EEA /* Resources */,
			);
			buildRules = (
			);
			dependencies = (
				CF55F6641CCF755000AC1EEA /* PBXTargetDependency */,
			);
			name = "网易彩票UITests";
			productName = "网易彩票UITests";
			productReference = CF55F6621CCF755000AC1EEA /* 网易彩票UITests.xctest */;
			productType = "com.apple.product-type.bundle.ui-testing";
		};
/* End PBXNativeTarget section */

/* Begin PBXProject section */
		CF55F6361CCF755000AC1EEA /* Project object */ = {
			isa = PBXProject;
			attributes = {
				LastUpgradeCheck = 0730;
				ORGANIZATIONNAME = jiangsu;
				TargetAttributes = {
					CF55F63D1CCF755000AC1EEA = {
						CreatedOnToolsVersion = 7.3;
						DevelopmentTeam = 4SU7V64Q9J;
					};
					CF55F6561CCF755000AC1EEA = {
						CreatedOnToolsVersion = 7.3;
						DevelopmentTeam = 4SU7V64Q9J;
						TestTargetID = CF55F63D1CCF755000AC1EEA;
					};
					CF55F6611CCF755000AC1EEA = {
						CreatedOnToolsVersion = 7.3;
						DevelopmentTeam = 4SU7V64Q9J;
						TestTargetID = CF55F63D1CCF755000AC1EEA;
					};
				};
			};
			buildConfigurationList = CF55F6391CCF755000AC1EEA /* Build configuration list for PBXProject "网易彩票" */;
			compatibilityVersion = "Xcode 3.2";
			developmentRegion = English;
			hasScannedForEncodings = 0;
			knownRegions = (
				en,
				Base,
			);
			mainGroup = CF55F6351CCF755000AC1EEA;
			productRefGroup = CF55F63F1CCF755000AC1EEA /* Products */;
			projectDirPath = "";
			projectRoot = "";
			targets = (
				CF55F63D1CCF755000AC1EEA /* 网易彩票 */,
				CF55F6561CCF755000AC1EEA /* 网易彩票Tests */,
				CF55F6611CCF755000AC1EEA /* 网易彩票UITests */,
			);
		};
/* End PBXProject section */

/* Begin PBXResourcesBuildPhase section */
		CF55F63C1CCF755000AC1EEA /* Resources */ = {
			isa = PBXResourcesBuildPhase;
			buildActionMask = 2147483647;
			files = (
				CFC5175A1CD8EE030028F955 /* x3d_howto.html in Resources */,
				CFC5174C1CD8EE030028F955 /* jxy11_howto.html in Resources */,
				CFC517541CD8EE030028F955 /* qlc_howto.html in Resources */,
				CFC5175B1CD8EE030028F955 /* y11_howto.html in Resources */,
				CF4CE89E1CD0C93900309C2D /* JSDiscoverTableViewController.storyboard in Resources */,
				CFC5174D1CD8EE030028F955 /* k2_howto.html in Resources */,
				CFC517501CD8EE030028F955 /* lk11_howto.html in Resources */,
				CFC517521CD8EE030028F955 /* pl3_howto.html in Resources */,
				CFC517471CD8EE030028F955 /* help.html in Resources */,
				CF4CE8991CD0BA5900309C2D /* JSMyLotteryViewController.xib in Resources */,
				CFC517551CD8EE030028F955 /* qxc_howto.html in Resources */,
				CF4CE88F1CD07FA700309C2D /* JSActivityView.xib in Resources */,
				CFC517581CD8EE030028F955 /* ssc_howto.html in Resources */,
				CFC517461CD8EE030028F955 /* group_record.html in Resources */,
				CFC517561CD8EE030028F955 /* rule.css in Resources */,
				CF55F6511CCF755000AC1EEA /* LaunchScreen.storyboard in Resources */,
				CFC5174F1CD8EE030028F955 /* kl8_howto.html in Resources */,
				CFC517531CD8EE030028F955 /* pl5_howto.html in Resources */,
				CFC517591CD8EE030028F955 /* ssq_howto.html in Resources */,
				CF55F64E1CCF755000AC1EEA /* Assets.xcassets in Resources */,
				CFC517401CD8EE030028F955 /* bjdc_howto.html in Resources */,
				CFC517421CD8EE030028F955 /* credit_help.html in Resources */,
				CFC516F91CD85A440028F955 /* MBProgressHUD.bundle in Resources */,
				CFC517481CD8EE030028F955 /* helpGroupBuy.html in Resources */,
				CFC517211CD8EDD70028F955 /* help.json in Resources */,
				CFC5174A1CD8EE030028F955 /* jczq_howto.html in Resources */,
				CFC517491CD8EE030028F955 /* jclq_howto.html in Resources */,
				CFC5174B1CD8EE030028F955 /* jxssc_howto.html in Resources */,
				CFC517411CD8EE030028F955 /* coupon_help.html in Resources */,
				CFC5174E1CD8EE030028F955 /* k3_howto.html in Resources */,
				CFC517431CD8EE030028F955 /* dlt_howto.html in Resources */,
				CFC517571CD8EE030028F955 /* sfc_howto.html in Resources */,
				CFC517451CD8EE030028F955 /* gdy11_howto.html in Resources */,
				CFC517441CD8EE030028F955 /* f9_howto.html in Resources */,
				CFC5175C1CD8EE030028F955 /* znzh.html in Resources */,
				CFC517511CD8EE030028F955 /* networkconnectedfailed.html in Resources */,
			);
			runOnlyForDeploymentPostprocessing = 0;
		};
		CF55F6551CCF755000AC1EEA /* Resources */ = {
			isa = PBXResourcesBuildPhase;
			buildActionMask = 2147483647;
			files = (
			);
			runOnlyForDeploymentPostprocessing = 0;
		};
		CF55F6601CCF755000AC1EEA /* Resources */ = {
			isa = PBXResourcesBuildPhase;
			buildActionMask = 2147483647;
			files = (
			);
			runOnlyForDeploymentPostprocessing = 0;
		};
/* End PBXResourcesBuildPhase section */

/* Begin PBXSourcesBuildPhase section */
		CF55F63A1CCF755000AC1EEA /* Sources */ = {
			isa = PBXSourcesBuildPhase;
			buildActionMask = 2147483647;
			files = (
				CF55F6B81CCF7BAD00AC1EEA /* JSHistoryTableViewController.m in Sources */,
				CF4CE89C1CD0C14B00309C2D /* JSArenaNavigationController.m in Sources */,
				CFC517001CD85C5C0028F955 /* JSSettingGroup.m in Sources */,
				CF55F6B21CCF7ABC00AC1EEA /* JSTabBar.m in Sources */,
				CF55F69A1CCF76DE00AC1EEA /* main.m in Sources */,
				CFC5175F1CD8EEC80028F955 /* JSHtmlModel.m in Sources */,
				CF1BF7371CD25FD5000F7BE7 /* GuideTools.m in Sources */,
				CF55F6A01CCF79A800AC1EEA /* JSAranaViewController.m in Sources */,
				CFC5171C1CD8DBEE0028F955 /* JSPushViewController.m in Sources */,
				CFC517031CD85C740028F955 /* JSSettingTableViewCell.m in Sources */,
				CF4CE88A1CD07E2E00309C2D /* CoverView.m in Sources */,
				CF4CE8A41CD0CFE700309C2D /* BuyTogetherTitleButton.m in Sources */,
				CFC516F71CD85A440028F955 /* UIImage+BoxBlur.m in Sources */,
				CF55F6A31CCF79CE00AC1EEA /* JSDiscoverTableViewController.m in Sources */,
				CFC517091CD85E260028F955 /* JSSwitchSettingItem.m in Sources */,
				CF1BF7321CD254A4000F7BE7 /* JSGuideCollectionViewCell.m in Sources */,
				CFC5171F1CD8E13B0028F955 /* JSHelpTableViewController.m in Sources */,
				CF4CE8981CD0BA5900309C2D /* JSMyLotteryViewController.m in Sources */,
				CFC517161CD8DBD40028F955 /* JSScoreViewController.m in Sources */,
				CFC517131CD8D6E30028F955 /* JSPushBaseTableViewController.m in Sources */,
				CF55F6AC1CCF7A8300AC1EEA /* JSTabBarController.m in Sources */,
				CFC516FA1CD85A440028F955 /* MBProgressHUD.m in Sources */,
				CF55F6AF1CCF7AA400AC1EEA /* JSNavigationController.m in Sources */,
				CF4CE8A71CD0D5F600309C2D /* LuckyView.m in Sources */,
				CFC517191CD8DBE50028F955 /* JSAwardViewController.m in Sources */,
				CF55F6991CCF76DE00AC1EEA /* AppDelegate.m in Sources */,
				CF4CE88D1CD07F9C00309C2D /* JSActivityView.m in Sources */,
				CF4CE8921CD0893600309C2D /* JSDragDownView.m in Sources */,
				CFC5170C1CD873360028F955 /* JSCheckUpdateBlurView.m in Sources */,
				CFC517061CD85E170028F955 /* JSArrowSettingItem.m in Sources */,
				CF55F6B51CCF7AD300AC1EEA /* JSTabBarButton.m in Sources */,
				CFC516FD1CD85C450028F955 /* JSSettingItem.m in Sources */,
				CFC517621CD8EF030028F955 /* JSHtmlJsonParser.m in Sources */,
				CFC516E61CD8442E0028F955 /* JSSettingTableViewController.m in Sources */,
				CFC516F81CD85A440028F955 /* MBProgressHUD+XMG.m in Sources */,
				CF1BF72F1CD2529A000F7BE7 /* JSGuideViewController.m in Sources */,
				CF55F69D1CCF794700AC1EEA /* JSHallTableViewController.m in Sources */,
				CF4CE8AA1CD0D6FD00309C2D /* JSLuckyViewController.m in Sources */,
				CF4CE8A11CD0CFB000309C2D /* JSBuyTogetherTableViewController.m in Sources */,
				CFC516F61CD85A440028F955 /* DRNRealTimeBlurView.m in Sources */,
				CFC517651CD8F2530028F955 /* JSHelpWebViewController.m in Sources */,
			);
			runOnlyForDeploymentPostprocessing = 0;
		};
		CF55F6531CCF755000AC1EEA /* Sources */ = {
			isa = PBXSourcesBuildPhase;
			buildActionMask = 2147483647;
			files = (
				CF55F65C1CCF755000AC1EEA /* ____Tests.m in Sources */,
			);
			runOnlyForDeploymentPostprocessing = 0;
		};
		CF55F65E1CCF755000AC1EEA /* Sources */ = {
			isa = PBXSourcesBuildPhase;
			buildActionMask = 2147483647;
			files = (
				CF55F6671CCF755000AC1EEA /* ____UITests.m in Sources */,
			);
			runOnlyForDeploymentPostprocessing = 0;
		};
/* End PBXSourcesBuildPhase section */

/* Begin PBXTargetDependency section */
		CF55F6591CCF755000AC1EEA /* PBXTargetDependency */ = {
			isa = PBXTargetDependency;
			target = CF55F63D1CCF755000AC1EEA /* 网易彩票 */;
			targetProxy = CF55F6581CCF755000AC1EEA /* PBXContainerItemProxy */;
		};
		CF55F6641CCF755000AC1EEA /* PBXTargetDependency */ = {
			isa = PBXTargetDependency;
			target = CF55F63D1CCF755000AC1EEA /* 网易彩票 */;
			targetProxy = CF55F6631CCF755000AC1EEA /* PBXContainerItemProxy */;
		};
/* End PBXTargetDependency section */

/* Begin PBXVariantGroup section */
		CF55F64F1CCF755000AC1EEA /* LaunchScreen.storyboard */ = {
			isa = PBXVariantGroup;
			children = (
				CF55F6501CCF755000AC1EEA /* Base */,
			);
			name = LaunchScreen.storyboard;
			sourceTree = "<group>";
		};
/* End PBXVariantGroup section */

/* Begin XCBuildConfiguration section */
		CF55F6691CCF755000AC1EEA /* Debug */ = {
			isa = XCBuildConfiguration;
			buildSettings = {
				ALWAYS_SEARCH_USER_PATHS = NO;
				CLANG_ANALYZER_NONNULL = YES;
				CLANG_CXX_LANGUAGE_STANDARD = "gnu++0x";
				CLANG_CXX_LIBRARY = "libc++";
				CLANG_ENABLE_MODULES = YES;
				CLANG_ENABLE_OBJC_ARC = YES;
				CLANG_WARN_BOOL_CONVERSION = YES;
				CLANG_WARN_CONSTANT_CONVERSION = YES;
				CLANG_WARN_DIRECT_OBJC_ISA_USAGE = YES_ERROR;
				CLANG_WARN_EMPTY_BODY = YES;
				CLANG_WARN_ENUM_CONVERSION = YES;
				CLANG_WARN_INT_CONVERSION = YES;
				CLANG_WARN_OBJC_ROOT_CLASS = YES_ERROR;
				CLANG_WARN_UNREACHABLE_CODE = YES;
				CLANG_WARN__DUPLICATE_METHOD_MATCH = YES;
				"CODE_SIGN_IDENTITY[sdk=iphoneos*]" = "iPhone Developer";
				COPY_PHASE_STRIP = NO;
				DEBUG_INFORMATION_FORMAT = dwarf;
				ENABLE_STRICT_OBJC_MSGSEND = YES;
				ENABLE_TESTABILITY = YES;
				GCC_C_LANGUAGE_STANDARD = gnu99;
				GCC_DYNAMIC_NO_PIC = NO;
				GCC_NO_COMMON_BLOCKS = YES;
				GCC_OPTIMIZATION_LEVEL = 0;
				GCC_PREPROCESSOR_DEFINITIONS = (
					"DEBUG=1",
					"$(inherited)",
				);
				GCC_WARN_64_TO_32_BIT_CONVERSION = YES;
				GCC_WARN_ABOUT_RETURN_TYPE = YES_ERROR;
				GCC_WARN_UNDECLARED_SELECTOR = YES;
				GCC_WARN_UNINITIALIZED_AUTOS = YES_AGGRESSIVE;
				GCC_WARN_UNUSED_FUNCTION = YES;
				GCC_WARN_UNUSED_VARIABLE = YES;
				IPHONEOS_DEPLOYMENT_TARGET = 9.3;
				MTL_ENABLE_DEBUG_INFO = YES;
				ONLY_ACTIVE_ARCH = YES;
				SDKROOT = iphoneos;
			};
			name = Debug;
		};
		CF55F66A1CCF755000AC1EEA /* Release */ = {
			isa = XCBuildConfiguration;
			buildSettings = {
				ALWAYS_SEARCH_USER_PATHS = NO;
				CLANG_ANALYZER_NONNULL = YES;
				CLANG_CXX_LANGUAGE_STANDARD = "gnu++0x";
				CLANG_CXX_LIBRARY = "libc++";
				CLANG_ENABLE_MODULES = YES;
				CLANG_ENABLE_OBJC_ARC = YES;
				CLANG_WARN_BOOL_CONVERSION = YES;
				CLANG_WARN_CONSTANT_CONVERSION = YES;
				CLANG_WARN_DIRECT_OBJC_ISA_USAGE = YES_ERROR;
				CLANG_WARN_EMPTY_BODY = YES;
				CLANG_WARN_ENUM_CONVERSION = YES;
				CLANG_WARN_INT_CONVERSION = YES;
				CLANG_WARN_OBJC_ROOT_CLASS = YES_ERROR;
				CLANG_WARN_UNREACHABLE_CODE = YES;
				CLANG_WARN__DUPLICATE_METHOD_MATCH = YES;
				"CODE_SIGN_IDENTITY[sdk=iphoneos*]" = "iPhone Developer";
				COPY_PHASE_STRIP = NO;
				DEBUG_INFORMATION_FORMAT = "dwarf-with-dsym";
				ENABLE_NS_ASSERTIONS = NO;
				ENABLE_STRICT_OBJC_MSGSEND = YES;
				GCC_C_LANGUAGE_STANDARD = gnu99;
				GCC_NO_COMMON_BLOCKS = YES;
				GCC_WARN_64_TO_32_BIT_CONVERSION = YES;
				GCC_WARN_ABOUT_RETURN_TYPE = YES_ERROR;
				GCC_WARN_UNDECLARED_SELECTOR = YES;
				GCC_WARN_UNINITIALIZED_AUTOS = YES_AGGRESSIVE;
				GCC_WARN_UNUSED_FUNCTION = YES;
				GCC_WARN_UNUSED_VARIABLE = YES;
				IPHONEOS_DEPLOYMENT_TARGET = 9.3;
				MTL_ENABLE_DEBUG_INFO = NO;
				SDKROOT = iphoneos;
				VALIDATE_PRODUCT = YES;
			};
			name = Release;
		};
		CF55F66C1CCF755000AC1EEA /* Debug */ = {
			isa = XCBuildConfiguration;
			buildSettings = {
				ASSETCATALOG_COMPILER_APPICON_NAME = AppIcon;
				GCC_PRECOMPILE_PREFIX_HEADER = YES;
				GCC_PREFIX_HEADER = "网易彩票/classes/Other/网易彩票.pch";
				INFOPLIST_FILE = "网易彩票/Info.plist";
				IPHONEOS_DEPLOYMENT_TARGET = 8.1;
				LD_RUNPATH_SEARCH_PATHS = "$(inherited) @executable_path/Frameworks";
				PRODUCT_BUNDLE_IDENTIFIER = "com.jiangsu.----";
				PRODUCT_NAME = "$(TARGET_NAME)";
				TARGETED_DEVICE_FAMILY = 1;
			};
			name = Debug;
		};
		CF55F66D1CCF755000AC1EEA /* Release */ = {
			isa = XCBuildConfiguration;
			buildSettings = {
				ASSETCATALOG_COMPILER_APPICON_NAME = AppIcon;
				GCC_PRECOMPILE_PREFIX_HEADER = YES;
				GCC_PREFIX_HEADER = "网易彩票/classes/Other/网易彩票.pch";
				INFOPLIST_FILE = "网易彩票/Info.plist";
				IPHONEOS_DEPLOYMENT_TARGET = 8.1;
				LD_RUNPATH_SEARCH_PATHS = "$(inherited) @executable_path/Frameworks";
				PRODUCT_BUNDLE_IDENTIFIER = "com.jiangsu.----";
				PRODUCT_NAME = "$(TARGET_NAME)";
				TARGETED_DEVICE_FAMILY = 1;
			};
			name = Release;
		};
		CF55F66F1CCF755000AC1EEA /* Debug */ = {
			isa = XCBuildConfiguration;
			buildSettings = {
				BUNDLE_LOADER = "$(TEST_HOST)";
				INFOPLIST_FILE = "网易彩票Tests/Info.plist";
				LD_RUNPATH_SEARCH_PATHS = "$(inherited) @executable_path/Frameworks @loader_path/Frameworks";
				PRODUCT_BUNDLE_IDENTIFIER = "com.jiangsu.----Tests";
				PRODUCT_NAME = "$(TARGET_NAME)";
				TEST_HOST = "$(BUILT_PRODUCTS_DIR)/网易彩票.app/网易彩票";
			};
			name = Debug;
		};
		CF55F6701CCF755000AC1EEA /* Release */ = {
			isa = XCBuildConfiguration;
			buildSettings = {
				BUNDLE_LOADER = "$(TEST_HOST)";
				INFOPLIST_FILE = "网易彩票Tests/Info.plist";
				LD_RUNPATH_SEARCH_PATHS = "$(inherited) @executable_path/Frameworks @loader_path/Frameworks";
				PRODUCT_BUNDLE_IDENTIFIER = "com.jiangsu.----Tests";
				PRODUCT_NAME = "$(TARGET_NAME)";
				TEST_HOST = "$(BUILT_PRODUCTS_DIR)/网易彩票.app/网易彩票";
			};
			name = Release;
		};
		CF55F6721CCF755000AC1EEA /* Debug */ = {
			isa = XCBuildConfiguration;
			buildSettings = {
				INFOPLIST_FILE = "网易彩票UITests/Info.plist";
				LD_RUNPATH_SEARCH_PATHS = "$(inherited) @executable_path/Frameworks @loader_path/Frameworks";
				PRODUCT_BUNDLE_IDENTIFIER = "com.jiangsu.----UITests";
				PRODUCT_NAME = "$(TARGET_NAME)";
				TEST_TARGET_NAME = "网易彩票";
			};
			name = Debug;
		};
		CF55F6731CCF755000AC1EEA /* Release */ = {
			isa = XCBuildConfiguration;
			buildSettings = {
				INFOPLIST_FILE = "网易彩票UITests/Info.plist";
				LD_RUNPATH_SEARCH_PATHS = "$(inherited) @executable_path/Frameworks @loader_path/Frameworks";
				PRODUCT_BUNDLE_IDENTIFIER = "com.jiangsu.----UITests";
				PRODUCT_NAME = "$(TARGET_NAME)";
				TEST_TARGET_NAME = "网易彩票";
			};
			name = Release;
		};
/* End XCBuildConfiguration section */

/* Begin XCConfigurationList section */
		CF55F6391CCF755000AC1EEA /* Build configuration list for PBXProject "网易彩票" */ = {
			isa = XCConfigurationList;
			buildConfigurations = (
				CF55F6691CCF755000AC1EEA /* Debug */,
				CF55F66A1CCF755000AC1EEA /* Release */,
			);
			defaultConfigurationIsVisible = 0;
			defaultConfigurationName = Release;
		};
		CF55F66B1CCF755000AC1EEA /* Build configuration list for PBXNativeTarget "网易彩票" */ = {
			isa = XCConfigurationList;
			buildConfigurations = (
				CF55F66C1CCF755000AC1EEA /* Debug */,
				CF55F66D1CCF755000AC1EEA /* Release */,
			);
			defaultConfigurationIsVisible = 0;
			defaultConfigurationName = Release;
		};
		CF55F66E1CCF755000AC1EEA /* Build configuration list for PBXNativeTarget "网易彩票Tests" */ = {
			isa = XCConfigurationList;
			buildConfigurations = (
				CF55F66F1CCF755000AC1EEA /* Debug */,
				CF55F6701CCF755000AC1EEA /* Release */,
			);
			defaultConfigurationIsVisible = 0;
			defaultConfigurationName = Release;
		};
		CF55F6711CCF755000AC1EEA /* Build configuration list for PBXNativeTarget "网易彩票UITests" */ = {
			isa = XCConfigurationList;
			buildConfigurations = (
				CF55F6721CCF755000AC1EEA /* Debug */,
				CF55F6731CCF755000AC1EEA /* Release */,
			);
			defaultConfigurationIsVisible = 0;
			defaultConfigurationName = Release;
		};
/* End XCConfigurationList section */
	};
	rootObject = CF55F6361CCF755000AC1EEA /* Project object */;
}
